
Microsoft Visual Studio Solution File, Format Version 12.00
# Visual Studio Version 17
VisualStudioVersion = 17.0.32014.148
MinimumVisualStudioVersion = 10.0.40219.1
Project("{9A19103F-16F7-4668-BE54-9A1E7A4F7556}") = "pokemonGolotEF", "pokemonGolotEF.csproj", "{0671C6E7-4390-4AAF-BAFB-12EFD5D4B844}"
EndProject
Global
	GlobalSection(SolutionConfigurationPlatforms) = preSolution
		Debug|Any CPU = Debug|Any CPU
		Release|Any CPU = Release|Any CPU
	EndGlobalSection
	GlobalSection(ProjectConfigurationPlatforms) = postSolution
		{0671C6E7-4390-4AAF-BAFB-12EFD5D4B844}.Debug|Any CPU.ActiveCfg = Debug|Any CPU
		{0671C6E7-4390-4AAF-BAFB-12EFD5D4B844}.Debug|Any CPU.Build.0 = Debug|Any CPU
		{0671C6E7-4390-4AAF-BAFB-12EFD5D4B844}.Release|Any CPU.ActiveCfg = Release|Any CPU
		{0671C6E7-4390-4AAF-BAFB-12EFD5D4B844}.Release|Any CPU.Build.0 = Release|Any CPU
	EndGlobalSection
	GlobalSection(SolutionProperties) = preSolution
		HideSolutionNode = FALSE
	EndGlobalSection
	GlobalSection(ExtensibilityGlobals) = postSolution
		SolutionGuid = {A5F27120-51E8-41AE-B461-98EC5AA47F42}
	EndGlobalSection
EndGlobal
